
Microsoft Visual Studio Solution File, Format Version 12.00
# Visual Studio Version 17
VisualStudioVersion = 17.4.33122.133
MinimumVisualStudioVersion = 10.0.40219.1
Project("{FAE04EC0-301F-11D3-BF4B-00C04F79EFBC}") = "HealthCareMVC", "HealthCareMVC\HealthCareMVC.csproj", "{EBA19FDE-8307-4085-ACD8-82B238E0B714}"
EndProject
Global
	GlobalSection(SolutionConfigurationPlatforms) = preSolution
		Debug|Any CPU = Debug|Any CPU
		Release|Any CPU = Release|Any CPU
	EndGlobalSection
	GlobalSection(ProjectConfigurationPlatforms) = postSolution
		{EBA19FDE-8307-4085-ACD8-82B238E0B714}.Debug|Any CPU.ActiveCfg = Debug|Any CPU
		{EBA19FDE-8307-4085-ACD8-82B238E0B714}.Debug|Any CPU.Build.0 = Debug|Any CPU
		{EBA19FDE-8307-4085-ACD8-82B238E0B714}.Release|Any CPU.ActiveCfg = Release|Any CPU
		{EBA19FDE-8307-4085-ACD8-82B238E0B714}.Release|Any CPU.Build.0 = Release|Any CPU
	EndGlobalSection
	GlobalSection(SolutionProperties) = preSolution
		HideSolutionNode = FALSE
	EndGlobalSection
	GlobalSection(ExtensibilityGlobals) = postSolution
		SolutionGuid = {0C11DD83-504D-42DA-978F-7F9B2CFC832B}
	EndGlobalSection
EndGlobal
